// !$*UTF8*$!
{
	archiveVersion = 1;
	classes = {
	};
	objectVersion = 50;
	objects = {

/* Begin PBXBuildFile section */
		0138540722AC230C00D6CDCD /* IntroViewController.swift in Sources */ = {isa = PBXBuildFile; fileRef = 0138540622AC230C00D6CDCD /* IntroViewController.swift */; };
		01BC1FDF22ABF70F001F632D /* PageViewController.swift in Sources */ = {isa = PBXBuildFile; fileRef = 01BC1FDE22ABF70F001F632D /* PageViewController.swift */; };
		01BC1FE122ABFF8D001F632D /* R30V1ViewController.swift in Sources */ = {isa = PBXBuildFile; fileRef = 01BC1FE022ABFF8D001F632D /* R30V1ViewController.swift */; };
		01BC1FE322AC0CA2001F632D /* V1CollectionViewCell.swift in Sources */ = {isa = PBXBuildFile; fileRef = 01BC1FE222AC0CA2001F632D /* V1CollectionViewCell.swift */; };
		01DA1CD322AAFE5B00158F6A /* AppDelegate.swift in Sources */ = {isa = PBXBuildFile; fileRef = 01DA1CD222AAFE5B00158F6A /* AppDelegate.swift */; };
		01DA1CD822AAFE5B00158F6A /* Main.storyboard in Resources */ = {isa = PBXBuildFile; fileRef = 01DA1CD622AAFE5B00158F6A /* Main.storyboard */; };
		01DA1CDB22AAFE5B00158F6A /* Automata.xcdatamodeld in Sources */ = {isa = PBXBuildFile; fileRef = 01DA1CD922AAFE5B00158F6A /* Automata.xcdatamodeld */; };
		01DA1CDD22AAFE5C00158F6A /* Assets.xcassets in Resources */ = {isa = PBXBuildFile; fileRef = 01DA1CDC22AAFE5C00158F6A /* Assets.xcassets */; };
		01DA1CE022AAFE5C00158F6A /* LaunchScreen.storyboard in Resources */ = {isa = PBXBuildFile; fileRef = 01DA1CDE22AAFE5C00158F6A /* LaunchScreen.storyboard */; };
		01DA1CEB22AAFE5C00158F6A /* AutomataTests.swift in Sources */ = {isa = PBXBuildFile; fileRef = 01DA1CEA22AAFE5C00158F6A /* AutomataTests.swift */; };
		01DA1CF622AAFE5C00158F6A /* AutomataUITests.swift in Sources */ = {isa = PBXBuildFile; fileRef = 01DA1CF522AAFE5C00158F6A /* AutomataUITests.swift */; };
		01EB440822AC399400502396 /* R30v2ViewController.swift in Sources */ = {isa = PBXBuildFile; fileRef = 01EB440722AC399400502396 /* R30v2ViewController.swift */; };
		01EB440A22AC3A9E00502396 /* V2CollectionViewCell.swift in Sources */ = {isa = PBXBuildFile; fileRef = 01EB440922AC3A9E00502396 /* V2CollectionViewCell.swift */; };
/* End PBXBuildFile section */

/* Begin PBXContainerItemProxy section */
		01DA1CE722AAFE5C00158F6A /* PBXContainerItemProxy */ = {
			isa = PBXContainerItemProxy;
			containerPortal = 01DA1CC722AAFE5B00158F6A /* Project object */;
			proxyType = 1;
			remoteGlobalIDString = 01DA1CCE22AAFE5B00158F6A;
			remoteInfo = Automata;
		};
		01DA1CF222AAFE5C00158F6A /* PBXContainerItemProxy */ = {
			isa = PBXContainerItemProxy;
			containerPortal = 01DA1CC722AAFE5B00158F6A /* Project object */;
			proxyType = 1;
			remoteGlobalIDString = 01DA1CCE22AAFE5B00158F6A;
			remoteInfo = Automata;
		};
/* End PBXContainerItemProxy section */

/* Begin PBXFileReference section */
		0138540622AC230C00D6CDCD /* IntroViewController.swift */ = {isa = PBXFileReference; lastKnownFileType = sourcecode.swift; path = IntroViewController.swift; sourceTree = "<group>"; };
		01BC1FDE22ABF70F001F632D /* PageViewController.swift */ = {isa = PBXFileReference; lastKnownFileType = sourcecode.swift; path = PageViewController.swift; sourceTree = "<group>"; };
		01BC1FE022ABFF8D001F632D /* R30V1ViewController.swift */ = {isa = PBXFileReference; fileEncoding = 4; lastKnownFileType = sourcecode.swift; path = R30V1ViewController.swift; sourceTree = "<group>"; };
		01BC1FE222AC0CA2001F632D /* V1CollectionViewCell.swift */ = {isa = PBXFileReference; lastKnownFileType = sourcecode.swift; path = V1CollectionViewCell.swift; sourceTree = "<group>"; };
		01DA1CCF22AAFE5B00158F6A /* Automata.app */ = {isa = PBXFileReference; explicitFileType = wrapper.application; includeInIndex = 0; path = Automata.app; sourceTree = BUILT_PRODUCTS_DIR; };
		01DA1CD222AAFE5B00158F6A /* AppDelegate.swift */ = {isa = PBXFileReference; lastKnownFileType = sourcecode.swift; path = AppDelegate.swift; sourceTree = "<group>"; };
		01DA1CD722AAFE5B00158F6A /* Base */ = {isa = PBXFileReference; lastKnownFileType = file.storyboard; name = Base; path = Base.lproj/Main.storyboard; sourceTree = "<group>"; };
		01DA1CDA22AAFE5B00158F6A /* Automata.xcdatamodel */ = {isa = PBXFileReference; lastKnownFileType = wrapper.xcdatamodel; path = Automata.xcdatamodel; sourceTree = "<group>"; };
		01DA1CDC22AAFE5C00158F6A /* Assets.xcassets */ = {isa = PBXFileReference; lastKnownFileType = folder.assetcatalog; path = Assets.xcassets; sourceTree = "<group>"; };
		01DA1CDF22AAFE5C00158F6A /* Base */ = {isa = PBXFileReference; lastKnownFileType = file.storyboard; name = Base; path = Base.lproj/LaunchScreen.storyboard; sourceTree = "<group>"; };
		01DA1CE122AAFE5C00158F6A /* Info.plist */ = {isa = PBXFileReference; lastKnownFileType = text.plist.xml; path = Info.plist; sourceTree = "<group>"; };
		01DA1CE622AAFE5C00158F6A /* AutomataTests.xctest */ = {isa = PBXFileReference; explicitFileType = wrapper.cfbundle; includeInIndex = 0; path = AutomataTests.xctest; sourceTree = BUILT_PRODUCTS_DIR; };
		01DA1CEA22AAFE5C00158F6A /* AutomataTests.swift */ = {isa = PBXFileReference; lastKnownFileType = sourcecode.swift; path = AutomataTests.swift; sourceTree = "<group>"; };
		01DA1CEC22AAFE5C00158F6A /* Info.plist */ = {isa = PBXFileReference; lastKnownFileType = text.plist.xml; path = Info.plist; sourceTree = "<group>"; };
		01DA1CF122AAFE5C00158F6A /* AutomataUITests.xctest */ = {isa = PBXFileReference; explicitFileType = wrapper.cfbundle; includeInIndex = 0; path = AutomataUITests.xctest; sourceTree = BUILT_PRODUCTS_DIR; };
		01DA1CF522AAFE5C00158F6A /* AutomataUITests.swift */ = {isa = PBXFileReference; lastKnownFileType = sourcecode.swift; path = AutomataUITests.swift; sourceTree = "<group>"; };
		01DA1CF722AAFE5C00158F6A /* Info.plist */ = {isa = PBXFileReference; lastKnownFileType = text.plist.xml; path = Info.plist; sourceTree = "<group>"; };
		01EB440222AC324B00502396 /* README.md */ = {isa = PBXFileReference; lastKnownFileType = net.daringfireball.markdown; path = README.md; sourceTree = "<group>"; };
		01EB440722AC399400502396 /* R30v2ViewController.swift */ = {isa = PBXFileReference; lastKnownFileType = sourcecode.swift; path = R30v2ViewController.swift; sourceTree = "<group>"; };
		01EB440922AC3A9E00502396 /* V2CollectionViewCell.swift */ = {isa = PBXFileReference; lastKnownFileType = sourcecode.swift; path = V2CollectionViewCell.swift; sourceTree = "<group>"; };
/* End PBXFileReference section */

/* Begin PBXFrameworksBuildPhase section */
		01DA1CCC22AAFE5B00158F6A /* Frameworks */ = {
			isa = PBXFrameworksBuildPhase;
			buildActionMask = 2147483647;
			files = (
			);
			runOnlyForDeploymentPostprocessing = 0;
		};
		01DA1CE322AAFE5C00158F6A /* Frameworks */ = {
			isa = PBXFrameworksBuildPhase;
			buildActionMask = 2147483647;
			files = (
			);
			runOnlyForDeploymentPostprocessing = 0;
		};
		01DA1CEE22AAFE5C00158F6A /* Frameworks */ = {
			isa = PBXFrameworksBuildPhase;
			buildActionMask = 2147483647;
			files = (
			);
			runOnlyForDeploymentPostprocessing = 0;
		};
/* End PBXFrameworksBuildPhase section */

/* Begin PBXGroup section */
		0138540422AC228500D6CDCD /* Views */ = {
			isa = PBXGroup;
			children = (
				01BC1FE222AC0CA2001F632D /* V1CollectionViewCell.swift */,
				01EB440922AC3A9E00502396 /* V2CollectionViewCell.swift */,
			);
			path = Views;
			sourceTree = "<group>";
		};
		0138540522AC228C00D6CDCD /* ViewControllers */ = {
			isa = PBXGroup;
			children = (
				0138540622AC230C00D6CDCD /* IntroViewController.swift */,
				01BC1FDE22ABF70F001F632D /* PageViewController.swift */,
				01BC1FE022ABFF8D001F632D /* R30V1ViewController.swift */,
				01EB440722AC399400502396 /* R30v2ViewController.swift */,
			);
			path = ViewControllers;
			sourceTree = "<group>";
		};
		01DA1CC622AAFE5B00158F6A = {
			isa = PBXGroup;
			children = (
				01DA1CD122AAFE5B00158F6A /* Automata */,
				01DA1CE922AAFE5C00158F6A /* AutomataTests */,
				01DA1CF422AAFE5C00158F6A /* AutomataUITests */,
				01DA1CD022AAFE5B00158F6A /* Products */,
			);
			sourceTree = "<group>";
		};
		01DA1CD022AAFE5B00158F6A /* Products */ = {
			isa = PBXGroup;
			children = (
				01DA1CCF22AAFE5B00158F6A /* Automata.app */,
				01DA1CE622AAFE5C00158F6A /* AutomataTests.xctest */,
				01DA1CF122AAFE5C00158F6A /* AutomataUITests.xctest */,
			);
			name = Products;
			sourceTree = "<group>";
		};
		01DA1CD122AAFE5B00158F6A /* Automata */ = {
			isa = PBXGroup;
			children = (
				01DA1CD222AAFE5B00158F6A /* AppDelegate.swift */,
				01DA1CDC22AAFE5C00158F6A /* Assets.xcassets */,
				01DA1CD922AAFE5B00158F6A /* Automata.xcdatamodeld */,
				01DA1CE122AAFE5C00158F6A /* Info.plist */,
				01DA1CDE22AAFE5C00158F6A /* LaunchScreen.storyboard */,
				01DA1CD622AAFE5B00158F6A /* Main.storyboard */,
				0138540522AC228C00D6CDCD /* ViewControllers */,
				0138540422AC228500D6CDCD /* Views */,
				01EB440222AC324B00502396 /* README.md */,
			);
			path = Automata;
			sourceTree = "<group>";
		};
		01DA1CE922AAFE5C00158F6A /* AutomataTests */ = {
			isa = PBXGroup;
			children = (
				01DA1CEA22AAFE5C00158F6A /* AutomataTests.swift */,
				01DA1CEC22AAFE5C00158F6A /* Info.plist */,
			);
			path = AutomataTests;
			sourceTree = "<group>";
		};
		01DA1CF422AAFE5C00158F6A /* AutomataUITests */ = {
			isa = PBXGroup;
			children = (
				01DA1CF522AAFE5C00158F6A /* AutomataUITests.swift */,
				01DA1CF722AAFE5C00158F6A /* Info.plist */,
			);
			path = AutomataUITests;
			sourceTree = "<group>";
		};
/* End PBXGroup section */

/* Begin PBXNativeTarget section */
		01DA1CCE22AAFE5B00158F6A /* Automata */ = {
			isa = PBXNativeTarget;
			buildConfigurationList = 01DA1CFA22AAFE5C00158F6A /* Build configuration list for PBXNativeTarget "Automata" */;
			buildPhases = (
				01DA1CCB22AAFE5B00158F6A /* Sources */,
				01DA1CCC22AAFE5B00158F6A /* Frameworks */,
				01DA1CCD22AAFE5B00158F6A /* Resources */,
			);
			buildRules = (
			);
			dependencies = (
			);
			name = Automata;
			productName = Automata;
			productReference = 01DA1CCF22AAFE5B00158F6A /* Automata.app */;
			productType = "com.apple.product-type.application";
		};
		01DA1CE522AAFE5C00158F6A /* AutomataTests */ = {
			isa = PBXNativeTarget;
			buildConfigurationList = 01DA1CFD22AAFE5C00158F6A /* Build configuration list for PBXNativeTarget "AutomataTests" */;
			buildPhases = (
				01DA1CE222AAFE5C00158F6A /* Sources */,
				01DA1CE322AAFE5C00158F6A /* Frameworks */,
				01DA1CE422AAFE5C00158F6A /* Resources */,
			);
			buildRules = (
			);
			dependencies = (
				01DA1CE822AAFE5C00158F6A /* PBXTargetDependency */,
			);
			name = AutomataTests;
			productName = AutomataTests;
			productReference = 01DA1CE622AAFE5C00158F6A /* AutomataTests.xctest */;
			productType = "com.apple.product-type.bundle.unit-test";
		};
		01DA1CF022AAFE5C00158F6A /* AutomataUITests */ = {
			isa = PBXNativeTarget;
			buildConfigurationList = 01DA1D0022AAFE5C00158F6A /* Build configuration list for PBXNativeTarget "AutomataUITests" */;
			buildPhases = (
				01DA1CED22AAFE5C00158F6A /* Sources */,
				01DA1CEE22AAFE5C00158F6A /* Frameworks */,
				01DA1CEF22AAFE5C00158F6A /* Resources */,
			);
			buildRules = (
			);
			dependencies = (
				01DA1CF322AAFE5C00158F6A /* PBXTargetDependency */,
			);
			name = AutomataUITests;
			productName = AutomataUITests;
			productReference = 01DA1CF122AAFE5C00158F6A /* AutomataUITests.xctest */;
			productType = "com.apple.product-type.bundle.ui-testing";
		};
/* End PBXNativeTarget section */

/* Begin PBXProject section */
		01DA1CC722AAFE5B00158F6A /* Project object */ = {
			isa = PBXProject;
			attributes = {
				LastSwiftUpdateCheck = 1020;
				LastUpgradeCheck = 1020;
				ORGANIZATIONNAME = Ai;
				TargetAttributes = {
					01DA1CCE22AAFE5B00158F6A = {
						CreatedOnToolsVersion = 10.2.1;
					};
					01DA1CE522AAFE5C00158F6A = {
						CreatedOnToolsVersion = 10.2.1;
						TestTargetID = 01DA1CCE22AAFE5B00158F6A;
					};
					01DA1CF022AAFE5C00158F6A = {
						CreatedOnToolsVersion = 10.2.1;
						TestTargetID = 01DA1CCE22AAFE5B00158F6A;
					};
				};
			};
			buildConfigurationList = 01DA1CCA22AAFE5B00158F6A /* Build configuration list for PBXProject "Automata" */;
			compatibilityVersion = "Xcode 9.3";
			developmentRegion = en;
			hasScannedForEncodings = 0;
			knownRegions = (
				en,
				Base,
			);
			mainGroup = 01DA1CC622AAFE5B00158F6A;
			productRefGroup = 01DA1CD022AAFE5B00158F6A /* Products */;
			projectDirPath = "";
			projectRoot = "";
			targets = (
				01DA1CCE22AAFE5B00158F6A /* Automata */,
				01DA1CE522AAFE5C00158F6A /* AutomataTests */,
				01DA1CF022AAFE5C00158F6A /* AutomataUITests */,
			);
		};
/* End PBXProject section */

/* Begin PBXResourcesBuildPhase section */
		01DA1CCD22AAFE5B00158F6A /* Resources */ = {
			isa = PBXResourcesBuildPhase;
			buildActionMask = 2147483647;
			files = (
				01DA1CE022AAFE5C00158F6A /* LaunchScreen.storyboard in Resources */,
				01DA1CDD22AAFE5C00158F6A /* Assets.xcassets in Resources */,
				01DA1CD822AAFE5B00158F6A /* Main.storyboard in Resources */,
			);
			runOnlyForDeploymentPostprocessing = 0;
		};
		01DA1CE422AAFE5C00158F6A /* Resources */ = {
			isa = PBXResourcesBuildPhase;
			buildActionMask = 2147483647;
			files = (
			);
			runOnlyForDeploymentPostprocessing = 0;
		};
		01DA1CEF22AAFE5C00158F6A /* Resources */ = {
			isa = PBXResourcesBuildPhase;
			buildActionMask = 2147483647;
			files = (
			);
			runOnlyForDeploymentPostprocessing = 0;
		};
/* End PBXResourcesBuildPhase section */

/* Begin PBXSourcesBuildPhase section */
		01DA1CCB22AAFE5B00158F6A /* Sources */ = {
			isa = PBXSourcesBuildPhase;
			buildActionMask = 2147483647;
			files = (
				01BC1FE122ABFF8D001F632D /* R30V1ViewController.swift in Sources */,
				01DA1CDB22AAFE5B00158F6A /* Automata.xcdatamodeld in Sources */,
				01DA1CD322AAFE5B00158F6A /* AppDelegate.swift in Sources */,
				0138540722AC230C00D6CDCD /* IntroViewController.swift in Sources */,
				01EB440A22AC3A9E00502396 /* V2CollectionViewCell.swift in Sources */,
				01BC1FDF22ABF70F001F632D /* PageViewController.swift in Sources */,
				01BC1FE322AC0CA2001F632D /* V1CollectionViewCell.swift in Sources */,
				01EB440822AC399400502396 /* R30v2ViewController.swift in Sources */,
			);
			runOnlyForDeploymentPostprocessing = 0;
		};
		01DA1CE222AAFE5C00158F6A /* Sources */ = {
			isa = PBXSourcesBuildPhase;
			buildActionMask = 2147483647;
			files = (
				01DA1CEB22AAFE5C00158F6A /* AutomataTests.swift in Sources */,
			);
			runOnlyForDeploymentPostprocessing = 0;
		};
		01DA1CED22AAFE5C00158F6A /* Sources */ = {
			isa = PBXSourcesBuildPhase;
			buildActionMask = 2147483647;
			files = (
				01DA1CF622AAFE5C00158F6A /* AutomataUITests.swift in Sources */,
			);
			runOnlyForDeploymentPostprocessing = 0;
		};
/* End PBXSourcesBuildPhase section */

/* Begin PBXTargetDependency section */
		01DA1CE822AAFE5C00158F6A /* PBXTargetDependency */ = {
			isa = PBXTargetDependency;
			target = 01DA1CCE22AAFE5B00158F6A /* Automata */;
			targetProxy = 01DA1CE722AAFE5C00158F6A /* PBXContainerItemProxy */;
		};
		01DA1CF322AAFE5C00158F6A /* PBXTargetDependency */ = {
			isa = PBXTargetDependency;
			target = 01DA1CCE22AAFE5B00158F6A /* Automata */;
			targetProxy = 01DA1CF222AAFE5C00158F6A /* PBXContainerItemProxy */;
		};
/* End PBXTargetDependency section */

/* Begin PBXVariantGroup section */
		01DA1CD622AAFE5B00158F6A /* Main.storyboard */ = {
			isa = PBXVariantGroup;
			children = (
				01DA1CD722AAFE5B00158F6A /* Base */,
			);
			name = Main.storyboard;
			sourceTree = "<group>";
		};
		01DA1CDE22AAFE5C00158F6A /* LaunchScreen.storyboard */ = {
			isa = PBXVariantGroup;
			children = (
				01DA1CDF22AAFE5C00158F6A /* Base */,
			);
			name = LaunchScreen.storyboard;
			sourceTree = "<group>";
		};
/* End PBXVariantGroup section */

/* Begin XCBuildConfiguration section */
		01DA1CF822AAFE5C00158F6A /* Debug */ = {
			isa = XCBuildConfiguration;
			buildSettings = {
				ALWAYS_SEARCH_USER_PATHS = NO;
				CLANG_ANALYZER_NONNULL = YES;
				CLANG_ANALYZER_NUMBER_OBJECT_CONVERSION = YES_AGGRESSIVE;
				CLANG_CXX_LANGUAGE_STANDARD = "gnu++14";
				CLANG_CXX_LIBRARY = "libc++";
				CLANG_ENABLE_MODULES = YES;
				CLANG_ENABLE_OBJC_ARC = YES;
				CLANG_ENABLE_OBJC_WEAK = YES;
				CLANG_WARN_BLOCK_CAPTURE_AUTORELEASING = YES;
				CLANG_WARN_BOOL_CONVERSION = YES;
				CLANG_WARN_COMMA = YES;
				CLANG_WARN_CONSTANT_CONVERSION = YES;
				CLANG_WARN_DEPRECATED_OBJC_IMPLEMENTATIONS = YES;
				CLANG_WARN_DIRECT_OBJC_ISA_USAGE = YES_ERROR;
				CLANG_WARN_DOCUMENTATION_COMMENTS = YES;
				CLANG_WARN_EMPTY_BODY = YES;
				CLANG_WARN_ENUM_CONVERSION = YES;
				CLANG_WARN_INFINITE_RECURSION = YES;
				CLANG_WARN_INT_CONVERSION = YES;
				CLANG_WARN_NON_LITERAL_NULL_CONVERSION = YES;
				CLANG_WARN_OBJC_IMPLICIT_RETAIN_SELF = YES;
				CLANG_WARN_OBJC_LITERAL_CONVERSION = YES;
				CLANG_WARN_OBJC_ROOT_CLASS = YES_ERROR;
				CLANG_WARN_RANGE_LOOP_ANALYSIS = YES;
				CLANG_WARN_STRICT_PROTOTYPES = YES;
				CLANG_WARN_SUSPICIOUS_MOVE = YES;
				CLANG_WARN_UNGUARDED_AVAILABILITY = YES_AGGRESSIVE;
				CLANG_WARN_UNREACHABLE_CODE = YES;
				CLANG_WARN__DUPLICATE_METHOD_MATCH = YES;
				CODE_SIGN_IDENTITY = "iPhone Developer";
				COPY_PHASE_STRIP = NO;
				DEBUG_INFORMATION_FORMAT = dwarf;
				ENABLE_STRICT_OBJC_MSGSEND = YES;
				ENABLE_TESTABILITY = YES;
				GCC_C_LANGUAGE_STANDARD = gnu11;
				GCC_DYNAMIC_NO_PIC = NO;
				GCC_NO_COMMON_BLOCKS = YES;
				GCC_OPTIMIZATION_LEVEL = 0;
				GCC_PREPROCESSOR_DEFINITIONS = (
					"DEBUG=1",
					"$(inherited)",
				);
				GCC_WARN_64_TO_32_BIT_CONVERSION = YES;
				GCC_WARN_ABOUT_RETURN_TYPE = YES_ERROR;
				GCC_WARN_UNDECLARED_SELECTOR = YES;
				GCC_WARN_UNINITIALIZED_AUTOS = YES_AGGRESSIVE;
				GCC_WARN_UNUSED_FUNCTION = YES;
				GCC_WARN_UNUSED_VARIABLE = YES;
				IPHONEOS_DEPLOYMENT_TARGET = 12.2;
				MTL_ENABLE_DEBUG_INFO = INCLUDE_SOURCE;
				MTL_FAST_MATH = YES;
				ONLY_ACTIVE_ARCH = YES;
				SDKROOT = iphoneos;
				SWIFT_ACTIVE_COMPILATION_CONDITIONS = DEBUG;
				SWIFT_OPTIMIZATION_LEVEL = "-Onone";
			};
			name = Debug;
		};
		01DA1CF922AAFE5C00158F6A /* Release */ = {
			isa = XCBuildConfiguration;
			buildSettings = {
				ALWAYS_SEARCH_USER_PATHS = NO;
				CLANG_ANALYZER_NONNULL = YES;
				CLANG_ANALYZER_NUMBER_OBJECT_CONVERSION = YES_AGGRESSIVE;
				CLANG_CXX_LANGUAGE_STANDARD = "gnu++14";
				CLANG_CXX_LIBRARY = "libc++";
				CLANG_ENABLE_MODULES = YES;
				CLANG_ENABLE_OBJC_ARC = YES;
				CLANG_ENABLE_OBJC_WEAK = YES;
				CLANG_WARN_BLOCK_CAPTURE_AUTORELEASING = YES;
				CLANG_WARN_BOOL_CONVERSION = YES;
				CLANG_WARN_COMMA = YES;
				CLANG_WARN_CONSTANT_CONVERSION = YES;
				CLANG_WARN_DEPRECATED_OBJC_IMPLEMENTATIONS = YES;
				CLANG_WARN_DIRECT_OBJC_ISA_USAGE = YES_ERROR;
				CLANG_WARN_DOCUMENTATION_COMMENTS = YES;
				CLANG_WARN_EMPTY_BODY = YES;
				CLANG_WARN_ENUM_CONVERSION = YES;
				CLANG_WARN_INFINITE_RECURSION = YES;
				CLANG_WARN_INT_CONVERSION = YES;
				CLANG_WARN_NON_LITERAL_NULL_CONVERSION = YES;
				CLANG_WARN_OBJC_IMPLICIT_RETAIN_SELF = YES;
				CLANG_WARN_OBJC_LITERAL_CONVERSION = YES;
				CLANG_WARN_OBJC_ROOT_CLASS = YES_ERROR;
				CLANG_WARN_RANGE_LOOP_ANALYSIS = YES;
				CLANG_WARN_STRICT_PROTOTYPES = YES;
				CLANG_WARN_SUSPICIOUS_MOVE = YES;
				CLANG_WARN_UNGUARDED_AVAILABILITY = YES_AGGRESSIVE;
				CLANG_WARN_UNREACHABLE_CODE = YES;
				CLANG_WARN__DUPLICATE_METHOD_MATCH = YES;
				CODE_SIGN_IDENTITY = "iPhone Developer";
				COPY_PHASE_STRIP = NO;
				DEBUG_INFORMATION_FORMAT = "dwarf-with-dsym";
				ENABLE_NS_ASSERTIONS = NO;
				ENABLE_STRICT_OBJC_MSGSEND = YES;
				GCC_C_LANGUAGE_STANDARD = gnu11;
				GCC_NO_COMMON_BLOCKS = YES;
				GCC_WARN_64_TO_32_BIT_CONVERSION = YES;
				GCC_WARN_ABOUT_RETURN_TYPE = YES_ERROR;
				GCC_WARN_UNDECLARED_SELECTOR = YES;
				GCC_WARN_UNINITIALIZED_AUTOS = YES_AGGRESSIVE;
				GCC_WARN_UNUSED_FUNCTION = YES;
				GCC_WARN_UNUSED_VARIABLE = YES;
				IPHONEOS_DEPLOYMENT_TARGET = 12.2;
				MTL_ENABLE_DEBUG_INFO = NO;
				MTL_FAST_MATH = YES;
				SDKROOT = iphoneos;
				SWIFT_COMPILATION_MODE = wholemodule;
				SWIFT_OPTIMIZATION_LEVEL = "-O";
				VALIDATE_PRODUCT = YES;
			};
			name = Release;
		};
		01DA1CFB22AAFE5C00158F6A /* Debug */ = {
			isa = XCBuildConfiguration;
			buildSettings = {
				ASSETCATALOG_COMPILER_APPICON_NAME = AppIcon;
				CODE_SIGN_STYLE = Automatic;
				DEVELOPMENT_TEAM = SG2MVKA962;
				INFOPLIST_FILE = Automata/Info.plist;
				LD_RUNPATH_SEARCH_PATHS = (
					"$(inherited)",
					"@executable_path/Frameworks",
				);
				PRODUCT_BUNDLE_IDENTIFIER = com.theuniversalproject.Automata;
				PRODUCT_NAME = "$(TARGET_NAME)";
				SWIFT_VERSION = 5.0;
				TARGETED_DEVICE_FAMILY = "1,2";
			};
			name = Debug;
		};
		01DA1CFC22AAFE5C00158F6A /* Release */ = {
			isa = XCBuildConfiguration;
			buildSettings = {
				ASSETCATALOG_COMPILER_APPICON_NAME = AppIcon;
				CODE_SIGN_STYLE = Automatic;
				DEVELOPMENT_TEAM = SG2MVKA962;
				INFOPLIST_FILE = Automata/Info.plist;
				LD_RUNPATH_SEARCH_PATHS = (
					"$(inherited)",
					"@executable_path/Frameworks",
				);
				PRODUCT_BUNDLE_IDENTIFIER = com.theuniversalproject.Automata;
				PRODUCT_NAME = "$(TARGET_NAME)";
				SWIFT_VERSION = 5.0;
				TARGETED_DEVICE_FAMILY = "1,2";
			};
			name = Release;
		};
		01DA1CFE22AAFE5C00158F6A /* Debug */ = {
			isa = XCBuildConfiguration;
			buildSettings = {
				ALWAYS_EMBED_SWIFT_STANDARD_LIBRARIES = YES;
				BUNDLE_LOADER = "$(TEST_HOST)";
				CODE_SIGN_STYLE = Automatic;
				DEVELOPMENT_TEAM = SG2MVKA962;
				INFOPLIST_FILE = AutomataTests/Info.plist;
				LD_RUNPATH_SEARCH_PATHS = (
					"$(inherited)",
					"@executable_path/Frameworks",
					"@loader_path/Frameworks",
				);
				PRODUCT_BUNDLE_IDENTIFIER = com.theuniversalproject.AutomataTests;
				PRODUCT_NAME = "$(TARGET_NAME)";
				SWIFT_VERSION = 5.0;
				TARGETED_DEVICE_FAMILY = "1,2";
				TEST_HOST = "$(BUILT_PRODUCTS_DIR)/Automata.app/Automata";
			};
			name = Debug;
		};
		01DA1CFF22AAFE5C00158F6A /* Release */ = {
			isa = XCBuildConfiguration;
			buildSettings = {
				ALWAYS_EMBED_SWIFT_STANDARD_LIBRARIES = YES;
				BUNDLE_LOADER = "$(TEST_HOST)";
				CODE_SIGN_STYLE = Automatic;
				DEVELOPMENT_TEAM = SG2MVKA962;
				INFOPLIST_FILE = AutomataTests/Info.plist;
				LD_RUNPATH_SEARCH_PATHS = (
					"$(inherited)",
					"@executable_path/Frameworks",
					"@loader_path/Frameworks",
				);
				PRODUCT_BUNDLE_IDENTIFIER = com.theuniversalproject.AutomataTests;
				PRODUCT_NAME = "$(TARGET_NAME)";
				SWIFT_VERSION = 5.0;
				TARGETED_DEVICE_FAMILY = "1,2";
				TEST_HOST = "$(BUILT_PRODUCTS_DIR)/Automata.app/Automata";
			};
			name = Release;
		};
		01DA1D0122AAFE5C00158F6A /* Debug */ = {
			isa = XCBuildConfiguration;
			buildSettings = {
				ALWAYS_EMBED_SWIFT_STANDARD_LIBRARIES = YES;
				CODE_SIGN_STYLE = Automatic;
				DEVELOPMENT_TEAM = SG2MVKA962;
				INFOPLIST_FILE = AutomataUITests/Info.plist;
				LD_RUNPATH_SEARCH_PATHS = (
					"$(inherited)",
					"@executable_path/Frameworks",
					"@loader_path/Frameworks",
				);
				PRODUCT_BUNDLE_IDENTIFIER = com.theuniversalproject.AutomataUITests;
				PRODUCT_NAME = "$(TARGET_NAME)";
				SWIFT_VERSION = 5.0;
				TARGETED_DEVICE_FAMILY = "1,2";
				TEST_TARGET_NAME = Automata;
			};
			name = Debug;
		};
		01DA1D0222AAFE5C00158F6A /* Release */ = {
			isa = XCBuildConfiguration;
			buildSettings = {
				ALWAYS_EMBED_SWIFT_STANDARD_LIBRARIES = YES;
				CODE_SIGN_STYLE = Automatic;
				DEVELOPMENT_TEAM = SG2MVKA962;
				INFOPLIST_FILE = AutomataUITests/Info.plist;
				LD_RUNPATH_SEARCH_PATHS = (
					"$(inherited)",
					"@executable_path/Frameworks",
					"@loader_path/Frameworks",
				);
				PRODUCT_BUNDLE_IDENTIFIER = com.theuniversalproject.AutomataUITests;
				PRODUCT_NAME = "$(TARGET_NAME)";
				SWIFT_VERSION = 5.0;
				TARGETED_DEVICE_FAMILY = "1,2";
				TEST_TARGET_NAME = Automata;
			};
			name = Release;
		};
/* End XCBuildConfiguration section */

/* Begin XCConfigurationList section */
		01DA1CCA22AAFE5B00158F6A /* Build configuration list for PBXProject "Automata" */ = {
			isa = XCConfigurationList;
			buildConfigurations = (
				01DA1CF822AAFE5C00158F6A /* Debug */,
				01DA1CF922AAFE5C00158F6A /* Release */,
			);
			defaultConfigurationIsVisible = 0;
			defaultConfigurationName = Release;
		};
		01DA1CFA22AAFE5C00158F6A /* Build configuration list for PBXNativeTarget "Automata" */ = {
			isa = XCConfigurationList;
			buildConfigurations = (
				01DA1CFB22AAFE5C00158F6A /* Debug */,
				01DA1CFC22AAFE5C00158F6A /* Release */,
			);
			defaultConfigurationIsVisible = 0;
			defaultConfigurationName = Release;
		};
		01DA1CFD22AAFE5C00158F6A /* Build configuration list for PBXNativeTarget "AutomataTests" */ = {
			isa = XCConfigurationList;
			buildConfigurations = (
				01DA1CFE22AAFE5C00158F6A /* Debug */,
				01DA1CFF22AAFE5C00158F6A /* Release */,
			);
			defaultConfigurationIsVisible = 0;
			defaultConfigurationName = Release;
		};
		01DA1D0022AAFE5C00158F6A /* Build configuration list for PBXNativeTarget "AutomataUITests" */ = {
			isa = XCConfigurationList;
			buildConfigurations = (
				01DA1D0122AAFE5C00158F6A /* Debug */,
				01DA1D0222AAFE5C00158F6A /* Release */,
			);
			defaultConfigurationIsVisible = 0;
			defaultConfigurationName = Release;
		};
/* End XCConfigurationList section */

/* Begin XCVersionGroup section */
		01DA1CD922AAFE5B00158F6A /* Automata.xcdatamodeld */ = {
			isa = XCVersionGroup;
			children = (
				01DA1CDA22AAFE5B00158F6A /* Automata.xcdatamodel */,
			);
			currentVersion = 01DA1CDA22AAFE5B00158F6A /* Automata.xcdatamodel */;
			path = Automata.xcdatamodeld;
			sourceTree = "<group>";
			versionGroupType = wrapper.xcdatamodel;
		};
/* End XCVersionGroup section */
	};
	rootObject = 01DA1CC722AAFE5B00158F6A /* Project object */;
}
